
Microsoft Visual Studio Solution File, Format Version 12.00
# Visual Studio Version 17
VisualStudioVersion = 17.14.36202.13 d17.14
MinimumVisualStudioVersion = 10.0.40219.1
Project("{FAE04EC0-301F-11D3-BF4B-00C04F79EFBC}") = "KLASE01", "KLASE01\KLASE01.csproj", "{03207C1F-5204-4049-B0E4-5B139C1535BC}"
EndProject
Global
	GlobalSection(SolutionConfigurationPlatforms) = preSolution
		Debug|Any CPU = Debug|Any CPU
		Release|Any CPU = Release|Any CPU
	EndGlobalSection
	GlobalSection(ProjectConfigurationPlatforms) = postSolution
		{03207C1F-5204-4049-B0E4-5B139C1535BC}.Debug|Any CPU.ActiveCfg = Debug|Any CPU
		{03207C1F-5204-4049-B0E4-5B139C1535BC}.Debug|Any CPU.Build.0 = Debug|Any CPU
		{03207C1F-5204-4049-B0E4-5B139C1535BC}.Release|Any CPU.ActiveCfg = Release|Any CPU
		{03207C1F-5204-4049-B0E4-5B139C1535BC}.Release|Any CPU.Build.0 = Release|Any CPU
	EndGlobalSection
	GlobalSection(SolutionProperties) = preSolution
		HideSolutionNode = FALSE
	EndGlobalSection
	GlobalSection(ExtensibilityGlobals) = postSolution
		SolutionGuid = {E9B226F7-F7A8-411C-8466-B0A0DBD82A2B}
	EndGlobalSection
EndGlobal
